
Microsoft Visual Studio Solution File, Format Version 12.00
# Visual Studio Version 17
VisualStudioVersion = 17.8.34511.84
MinimumVisualStudioVersion = 10.0.40219.1
Project("{2150E333-8FDC-42A3-9474-1A3956D46DE8}") = "src", "src", "{39CC2272-B79F-4455-99F5-0E9A774BD1B9}"
EndProject
Project("{2150E333-8FDC-42A3-9474-1A3956D46DE8}") = "Api", "Api", "{D86733C2-81D9-4BFD-A61E-0A72D3A876CF}"
EndProject
Project("{2150E333-8FDC-42A3-9474-1A3956D46DE8}") = "Client", "Client", "{75E0C704-48BC-4335-AE37-B807463F8730}"
EndProject
Project("{2150E333-8FDC-42A3-9474-1A3956D46DE8}") = "Common", "Common", "{778F00DF-6299-4EC5-A89D-D31449A1385C}"
EndProject
Project("{2150E333-8FDC-42A3-9474-1A3956D46DE8}") = "Projections", "Projections", "{308F1494-D41E-4FE1-B0FD-421B78D1A57B}"
EndProject
Project("{2150E333-8FDC-42A3-9474-1A3956D46DE8}") = "Core", "Core", "{320B14C9-E929-404A-AB01-AA6FAAA75359}"
EndProject
Project("{2150E333-8FDC-42A3-9474-1A3956D46DE8}") = "Infrastructure", "Infrastructure", "{DA467621-4CBE-489A-A141-B1FAE28AC049}"
EndProject
Project("{2150E333-8FDC-42A3-9474-1A3956D46DE8}") = "WebApi", "WebApi", "{AB748E76-88C0-41A4-AF3D-EC3A5721CE69}"
EndProject
Project("{2150E333-8FDC-42A3-9474-1A3956D46DE8}") = "BlazorWeb", "BlazorWeb", "{2991C463-8899-49B2-9BF3-5BF2A067898F}"
EndProject
Project("{FAE04EC0-301F-11D3-BF4B-00C04F79EFBC}") = "BlazorSozluk.Common", "src\Common\BlazorSozluk.Common\BlazorSozluk.Common.csproj", "{F1923385-2726-4BAA-8330-A6D19ACBE2D1}"
EndProject
Project("{FAE04EC0-301F-11D3-BF4B-00C04F79EFBC}") = "BlazorSozluk.Api.Domain", "src\Api\Core\BlazorSozluk.Api.Domain\BlazorSozluk.Api.Domain.csproj", "{F8A234A1-EE54-41A9-A55C-547231E6243A}"
EndProject
Project("{FAE04EC0-301F-11D3-BF4B-00C04F79EFBC}") = "BlazorSozluk.Api.Application", "src\Api\Core\BlazorSozluk.Api.Application\BlazorSozluk.Api.Application.csproj", "{153AB601-AAB4-49FE-A925-FFE1E926E84A}"
EndProject
Project("{FAE04EC0-301F-11D3-BF4B-00C04F79EFBC}") = "BlazorSozluk.Infrastructure.Persistence", "src\Api\Infrastructure\BlazorSozluk.Infrastructure.Persistence\BlazorSozluk.Infrastructure.Persistence.csproj", "{8E8F1FA7-36AC-43A6-82C8-E74B99D7F499}"
EndProject
Project("{FAE04EC0-301F-11D3-BF4B-00C04F79EFBC}") = "BlazorSozluk.Api.WebApi", "src\Api\WebApi\BlazorSozluk.Api.WebApi\BlazorSozluk.Api.WebApi.csproj", "{8C67AE54-2307-4665-BF4E-C40B23307B99}"
EndProject
Project("{FAE04EC0-301F-11D3-BF4B-00C04F79EFBC}") = "BlazorSozluk.Projections.FavoriteService", "src\Projections\BlazorSozluk.Projections.FavoriteService\BlazorSozluk.Projections.FavoriteService.csproj", "{7B43804B-5420-4185-BFA0-48A3BF2F1D04}"
EndProject
Project("{FAE04EC0-301F-11D3-BF4B-00C04F79EFBC}") = "BlazorSozluk.Projections.User", "src\Projections\BlazorSozluk.Projections.User\BlazorSozluk.Projections.User.csproj", "{396BBE4A-58A1-421B-A763-DF20EA80BE4B}"
EndProject
Project("{FAE04EC0-301F-11D3-BF4B-00C04F79EFBC}") = "BlazorSozluk.Projections.VoteService", "src\Projections\BlazorSozluk.Projections.VoteService\BlazorSozluk.Projections.VoteService.csproj", "{C2F706B1-A320-4FF2-AE31-8635C2E6A72A}"
EndProject
Project("{FAE04EC0-301F-11D3-BF4B-00C04F79EFBC}") = "BlazorSozluk.WebApp", "src\Client\BlazorSozluk.WebApp\BlazorSozluk.WebApp.csproj", "{1660B695-60B6-4348-8A53-FF25AC0910E0}"
EndProject
Global
	GlobalSection(SolutionConfigurationPlatforms) = preSolution
		Debug|Any CPU = Debug|Any CPU
		Release|Any CPU = Release|Any CPU
	EndGlobalSection
	GlobalSection(ProjectConfigurationPlatforms) = postSolution
		{F1923385-2726-4BAA-8330-A6D19ACBE2D1}.Debug|Any CPU.ActiveCfg = Debug|Any CPU
		{F1923385-2726-4BAA-8330-A6D19ACBE2D1}.Debug|Any CPU.Build.0 = Debug|Any CPU
		{F1923385-2726-4BAA-8330-A6D19ACBE2D1}.Release|Any CPU.ActiveCfg = Release|Any CPU
		{F1923385-2726-4BAA-8330-A6D19ACBE2D1}.Release|Any CPU.Build.0 = Release|Any CPU
		{F8A234A1-EE54-41A9-A55C-547231E6243A}.Debug|Any CPU.ActiveCfg = Debug|Any CPU
		{F8A234A1-EE54-41A9-A55C-547231E6243A}.Debug|Any CPU.Build.0 = Debug|Any CPU
		{F8A234A1-EE54-41A9-A55C-547231E6243A}.Release|Any CPU.ActiveCfg = Release|Any CPU
		{F8A234A1-EE54-41A9-A55C-547231E6243A}.Release|Any CPU.Build.0 = Release|Any CPU
		{153AB601-AAB4-49FE-A925-FFE1E926E84A}.Debug|Any CPU.ActiveCfg = Debug|Any CPU
		{153AB601-AAB4-49FE-A925-FFE1E926E84A}.Debug|Any CPU.Build.0 = Debug|Any CPU
		{153AB601-AAB4-49FE-A925-FFE1E926E84A}.Release|Any CPU.ActiveCfg = Release|Any CPU
		{153AB601-AAB4-49FE-A925-FFE1E926E84A}.Release|Any CPU.Build.0 = Release|Any CPU
		{8E8F1FA7-36AC-43A6-82C8-E74B99D7F499}.Debug|Any CPU.ActiveCfg = Debug|Any CPU
		{8E8F1FA7-36AC-43A6-82C8-E74B99D7F499}.Debug|Any CPU.Build.0 = Debug|Any CPU
		{8E8F1FA7-36AC-43A6-82C8-E74B99D7F499}.Release|Any CPU.ActiveCfg = Release|Any CPU
		{8E8F1FA7-36AC-43A6-82C8-E74B99D7F499}.Release|Any CPU.Build.0 = Release|Any CPU
		{8C67AE54-2307-4665-BF4E-C40B23307B99}.Debug|Any CPU.ActiveCfg = Debug|Any CPU
		{8C67AE54-2307-4665-BF4E-C40B23307B99}.Debug|Any CPU.Build.0 = Debug|Any CPU
		{8C67AE54-2307-4665-BF4E-C40B23307B99}.Release|Any CPU.ActiveCfg = Release|Any CPU
		{8C67AE54-2307-4665-BF4E-C40B23307B99}.Release|Any CPU.Build.0 = Release|Any CPU
		{7B43804B-5420-4185-BFA0-48A3BF2F1D04}.Debug|Any CPU.ActiveCfg = Debug|Any CPU
		{7B43804B-5420-4185-BFA0-48A3BF2F1D04}.Debug|Any CPU.Build.0 = Debug|Any CPU
		{7B43804B-5420-4185-BFA0-48A3BF2F1D04}.Release|Any CPU.ActiveCfg = Release|Any CPU
		{7B43804B-5420-4185-BFA0-48A3BF2F1D04}.Release|Any CPU.Build.0 = Release|Any CPU
		{396BBE4A-58A1-421B-A763-DF20EA80BE4B}.Debug|Any CPU.ActiveCfg = Debug|Any CPU
		{396BBE4A-58A1-421B-A763-DF20EA80BE4B}.Debug|Any CPU.Build.0 = Debug|Any CPU
		{396BBE4A-58A1-421B-A763-DF20EA80BE4B}.Release|Any CPU.ActiveCfg = Release|Any CPU
		{396BBE4A-58A1-421B-A763-DF20EA80BE4B}.Release|Any CPU.Build.0 = Release|Any CPU
		{C2F706B1-A320-4FF2-AE31-8635C2E6A72A}.Debug|Any CPU.ActiveCfg = Debug|Any CPU
		{C2F706B1-A320-4FF2-AE31-8635C2E6A72A}.Debug|Any CPU.Build.0 = Debug|Any CPU
		{C2F706B1-A320-4FF2-AE31-8635C2E6A72A}.Release|Any CPU.ActiveCfg = Release|Any CPU
		{C2F706B1-A320-4FF2-AE31-8635C2E6A72A}.Release|Any CPU.Build.0 = Release|Any CPU
		{1660B695-60B6-4348-8A53-FF25AC0910E0}.Debug|Any CPU.ActiveCfg = Debug|Any CPU
		{1660B695-60B6-4348-8A53-FF25AC0910E0}.Debug|Any CPU.Build.0 = Debug|Any CPU
		{1660B695-60B6-4348-8A53-FF25AC0910E0}.Release|Any CPU.ActiveCfg = Release|Any CPU
		{1660B695-60B6-4348-8A53-FF25AC0910E0}.Release|Any CPU.Build.0 = Release|Any CPU
	EndGlobalSection
	GlobalSection(SolutionProperties) = preSolution
		HideSolutionNode = FALSE
	EndGlobalSection
	GlobalSection(NestedProjects) = preSolution
		{D86733C2-81D9-4BFD-A61E-0A72D3A876CF} = {39CC2272-B79F-4455-99F5-0E9A774BD1B9}
		{75E0C704-48BC-4335-AE37-B807463F8730} = {39CC2272-B79F-4455-99F5-0E9A774BD1B9}
		{778F00DF-6299-4EC5-A89D-D31449A1385C} = {39CC2272-B79F-4455-99F5-0E9A774BD1B9}
		{308F1494-D41E-4FE1-B0FD-421B78D1A57B} = {39CC2272-B79F-4455-99F5-0E9A774BD1B9}
		{320B14C9-E929-404A-AB01-AA6FAAA75359} = {D86733C2-81D9-4BFD-A61E-0A72D3A876CF}
		{DA467621-4CBE-489A-A141-B1FAE28AC049} = {D86733C2-81D9-4BFD-A61E-0A72D3A876CF}
		{AB748E76-88C0-41A4-AF3D-EC3A5721CE69} = {D86733C2-81D9-4BFD-A61E-0A72D3A876CF}
		{2991C463-8899-49B2-9BF3-5BF2A067898F} = {75E0C704-48BC-4335-AE37-B807463F8730}
		{F1923385-2726-4BAA-8330-A6D19ACBE2D1} = {778F00DF-6299-4EC5-A89D-D31449A1385C}
		{F8A234A1-EE54-41A9-A55C-547231E6243A} = {320B14C9-E929-404A-AB01-AA6FAAA75359}
		{153AB601-AAB4-49FE-A925-FFE1E926E84A} = {320B14C9-E929-404A-AB01-AA6FAAA75359}
		{8E8F1FA7-36AC-43A6-82C8-E74B99D7F499} = {DA467621-4CBE-489A-A141-B1FAE28AC049}
		{8C67AE54-2307-4665-BF4E-C40B23307B99} = {AB748E76-88C0-41A4-AF3D-EC3A5721CE69}
		{7B43804B-5420-4185-BFA0-48A3BF2F1D04} = {308F1494-D41E-4FE1-B0FD-421B78D1A57B}
		{396BBE4A-58A1-421B-A763-DF20EA80BE4B} = {308F1494-D41E-4FE1-B0FD-421B78D1A57B}
		{C2F706B1-A320-4FF2-AE31-8635C2E6A72A} = {308F1494-D41E-4FE1-B0FD-421B78D1A57B}
		{1660B695-60B6-4348-8A53-FF25AC0910E0} = {2991C463-8899-49B2-9BF3-5BF2A067898F}
	EndGlobalSection
	GlobalSection(ExtensibilityGlobals) = postSolution
		SolutionGuid = {FD67C178-25D6-4569-9860-8F1AD009760B}
	EndGlobalSection
EndGlobal
